
Microsoft Visual Studio Solution File, Format Version 12.00
# Visual Studio 15
VisualStudioVersion = 15.0.28307.757
MinimumVisualStudioVersion = 10.0.40219.1
Project("{FAE04EC0-301F-11D3-BF4B-00C04F79EFBC}") = "ConsoleApp-Core", "ConsoleApp-Core.csproj", "{FC89383D-4521-4C5C-9ECF-89E76B175B69}"
EndProject
Project("{9A19103F-16F7-4668-BE54-9A1E7A4F7556}") = "FloodgateSDK", "..\..\src\FloodgateSDK\FloodgateSDK.csproj", "{C25175BE-C27D-4479-876F-5E641D4265B5}"
EndProject
Global
	GlobalSection(SolutionConfigurationPlatforms) = preSolution
		Debug|Any CPU = Debug|Any CPU
		Release|Any CPU = Release|Any CPU
	EndGlobalSection
	GlobalSection(ProjectConfigurationPlatforms) = postSolution
		{FC89383D-4521-4C5C-9ECF-89E76B175B69}.Debug|Any CPU.ActiveCfg = Debug|Any CPU
		{FC89383D-4521-4C5C-9ECF-89E76B175B69}.Debug|Any CPU.Build.0 = Debug|Any CPU
		{FC89383D-4521-4C5C-9ECF-89E76B175B69}.Release|Any CPU.ActiveCfg = Release|Any CPU
		{FC89383D-4521-4C5C-9ECF-89E76B175B69}.Release|Any CPU.Build.0 = Release|Any CPU
		{C25175BE-C27D-4479-876F-5E641D4265B5}.Debug|Any CPU.ActiveCfg = Debug|Any CPU
		{C25175BE-C27D-4479-876F-5E641D4265B5}.Debug|Any CPU.Build.0 = Debug|Any CPU
		{C25175BE-C27D-4479-876F-5E641D4265B5}.Release|Any CPU.ActiveCfg = Release|Any CPU
		{C25175BE-C27D-4479-876F-5E641D4265B5}.Release|Any CPU.Build.0 = Release|Any CPU
	EndGlobalSection
	GlobalSection(SolutionProperties) = preSolution
		HideSolutionNode = FALSE
	EndGlobalSection
	GlobalSection(ExtensibilityGlobals) = postSolution
		SolutionGuid = {954A4DE4-CD8A-4C48-A2E7-701D0C6F4E83}
	EndGlobalSection
EndGlobal
