
Microsoft Visual Studio Solution File, Format Version 12.00
# Visual Studio 15
VisualStudioVersion = 15.0.28307.757
MinimumVisualStudioVersion = 10.0.40219.1
Project("{FAE04EC0-301F-11D3-BF4B-00C04F79EFBC}") = "WebApplication-Core", "WebApplication-Core.csproj", "{3A576F13-ECFB-472B-AAA0-AD09DFDB273E}"
EndProject
Project("{9A19103F-16F7-4668-BE54-9A1E7A4F7556}") = "FloodgateSDK", "..\..\src\FloodgateSDK\FloodgateSDK.csproj", "{CC89C1D9-D387-4232-AC56-C50FB869B1BA}"
EndProject
Global
	GlobalSection(SolutionConfigurationPlatforms) = preSolution
		Debug|Any CPU = Debug|Any CPU
		Release|Any CPU = Release|Any CPU
	EndGlobalSection
	GlobalSection(ProjectConfigurationPlatforms) = postSolution
		{3A576F13-ECFB-472B-AAA0-AD09DFDB273E}.Debug|Any CPU.ActiveCfg = Debug|Any CPU
		{3A576F13-ECFB-472B-AAA0-AD09DFDB273E}.Debug|Any CPU.Build.0 = Debug|Any CPU
		{3A576F13-ECFB-472B-AAA0-AD09DFDB273E}.Release|Any CPU.ActiveCfg = Release|Any CPU
		{3A576F13-ECFB-472B-AAA0-AD09DFDB273E}.Release|Any CPU.Build.0 = Release|Any CPU
		{CC89C1D9-D387-4232-AC56-C50FB869B1BA}.Debug|Any CPU.ActiveCfg = Debug|Any CPU
		{CC89C1D9-D387-4232-AC56-C50FB869B1BA}.Debug|Any CPU.Build.0 = Debug|Any CPU
		{CC89C1D9-D387-4232-AC56-C50FB869B1BA}.Release|Any CPU.ActiveCfg = Release|Any CPU
		{CC89C1D9-D387-4232-AC56-C50FB869B1BA}.Release|Any CPU.Build.0 = Release|Any CPU
	EndGlobalSection
	GlobalSection(SolutionProperties) = preSolution
		HideSolutionNode = FALSE
	EndGlobalSection
	GlobalSection(ExtensibilityGlobals) = postSolution
		SolutionGuid = {A009214C-522C-4CE5-81E4-FCA90C67A5C0}
	EndGlobalSection
EndGlobal
