
Microsoft Visual Studio Solution File, Format Version 12.00
# Visual Studio 15
VisualStudioVersion = 15.0.28307.757
MinimumVisualStudioVersion = 10.0.40219.1
Project("{9A19103F-16F7-4668-BE54-9A1E7A4F7556}") = "FloodgateSDK", "FloodgateSDK\FloodgateSDK.csproj", "{703A79C4-AE58-4CC1-9661-6F77E508DC0F}"
EndProject
Project("{FAE04EC0-301F-11D3-BF4B-00C04F79EFBC}") = "FloodgateSDK.Test", "FloodgateSDK.Test\FloodgateSDK.Test.csproj", "{8C7944F8-CB75-4080-81BC-A772FB1387DA}"
EndProject
Global
	GlobalSection(SolutionConfigurationPlatforms) = preSolution
		Debug|Any CPU = Debug|Any CPU
		Release|Any CPU = Release|Any CPU
	EndGlobalSection
	GlobalSection(ProjectConfigurationPlatforms) = postSolution
		{703A79C4-AE58-4CC1-9661-6F77E508DC0F}.Debug|Any CPU.ActiveCfg = Debug|Any CPU
		{703A79C4-AE58-4CC1-9661-6F77E508DC0F}.Debug|Any CPU.Build.0 = Debug|Any CPU
		{703A79C4-AE58-4CC1-9661-6F77E508DC0F}.Release|Any CPU.ActiveCfg = Release|Any CPU
		{703A79C4-AE58-4CC1-9661-6F77E508DC0F}.Release|Any CPU.Build.0 = Release|Any CPU
		{8C7944F8-CB75-4080-81BC-A772FB1387DA}.Debug|Any CPU.ActiveCfg = Debug|Any CPU
		{8C7944F8-CB75-4080-81BC-A772FB1387DA}.Debug|Any CPU.Build.0 = Debug|Any CPU
		{8C7944F8-CB75-4080-81BC-A772FB1387DA}.Release|Any CPU.ActiveCfg = Release|Any CPU
		{8C7944F8-CB75-4080-81BC-A772FB1387DA}.Release|Any CPU.Build.0 = Release|Any CPU
	EndGlobalSection
	GlobalSection(SolutionProperties) = preSolution
		HideSolutionNode = FALSE
	EndGlobalSection
	GlobalSection(ExtensibilityGlobals) = postSolution
		SolutionGuid = {BE89074E-D7A8-46CB-BA7A-746DB003992E}
	EndGlobalSection
EndGlobal
