
Microsoft Visual Studio Solution File, Format Version 12.00
# Visual Studio 15
VisualStudioVersion = 15.0.28307.757
MinimumVisualStudioVersion = 10.0.40219.1
Project("{FAE04EC0-301F-11D3-BF4B-00C04F79EFBC}") = "ConsoleApp-Framework", "ConsoleApp-Framework.csproj", "{E8F697C0-3401-42A3-8931-6721946583BF}"
EndProject
Project("{9A19103F-16F7-4668-BE54-9A1E7A4F7556}") = "FloodgateSDK", "..\..\src\FloodgateSDK\FloodgateSDK.csproj", "{3C293A8B-F587-4B6E-80A7-922CC68366E9}"
EndProject
Global
	GlobalSection(SolutionConfigurationPlatforms) = preSolution
		Debug|Any CPU = Debug|Any CPU
		Release|Any CPU = Release|Any CPU
	EndGlobalSection
	GlobalSection(ProjectConfigurationPlatforms) = postSolution
		{E8F697C0-3401-42A3-8931-6721946583BF}.Debug|Any CPU.ActiveCfg = Debug|Any CPU
		{E8F697C0-3401-42A3-8931-6721946583BF}.Debug|Any CPU.Build.0 = Debug|Any CPU
		{E8F697C0-3401-42A3-8931-6721946583BF}.Release|Any CPU.ActiveCfg = Release|Any CPU
		{E8F697C0-3401-42A3-8931-6721946583BF}.Release|Any CPU.Build.0 = Release|Any CPU
		{3C293A8B-F587-4B6E-80A7-922CC68366E9}.Debug|Any CPU.ActiveCfg = Debug|Any CPU
		{3C293A8B-F587-4B6E-80A7-922CC68366E9}.Debug|Any CPU.Build.0 = Debug|Any CPU
		{3C293A8B-F587-4B6E-80A7-922CC68366E9}.Release|Any CPU.ActiveCfg = Release|Any CPU
		{3C293A8B-F587-4B6E-80A7-922CC68366E9}.Release|Any CPU.Build.0 = Release|Any CPU
	EndGlobalSection
	GlobalSection(SolutionProperties) = preSolution
		HideSolutionNode = FALSE
	EndGlobalSection
	GlobalSection(ExtensibilityGlobals) = postSolution
		SolutionGuid = {EB78AA19-B64F-4A2F-B846-887C732F0D12}
	EndGlobalSection
EndGlobal
